
Microsoft Visual Studio Solution File, Format Version 12.00
# Visual Studio Version 17
VisualStudioVersion = 17.1.32421.90
MinimumVisualStudioVersion = 10.0.40219.1
Project("{FAE04EC0-301F-11D3-BF4B-00C04F79EFBC}") = "MinimalApiTres", "MinimalApiTres.csproj", "{89EFF488-68F0-43CD-A9F8-9E0EA7BD6674}"
EndProject
Global
	GlobalSection(SolutionConfigurationPlatforms) = preSolution
		Debug|Any CPU = Debug|Any CPU
		Release|Any CPU = Release|Any CPU
	EndGlobalSection
	GlobalSection(ProjectConfigurationPlatforms) = postSolution
		{89EFF488-68F0-43CD-A9F8-9E0EA7BD6674}.Debug|Any CPU.ActiveCfg = Debug|Any CPU
		{89EFF488-68F0-43CD-A9F8-9E0EA7BD6674}.Debug|Any CPU.Build.0 = Debug|Any CPU
		{89EFF488-68F0-43CD-A9F8-9E0EA7BD6674}.Release|Any CPU.ActiveCfg = Release|Any CPU
		{89EFF488-68F0-43CD-A9F8-9E0EA7BD6674}.Release|Any CPU.Build.0 = Release|Any CPU
	EndGlobalSection
	GlobalSection(SolutionProperties) = preSolution
		HideSolutionNode = FALSE
	EndGlobalSection
	GlobalSection(ExtensibilityGlobals) = postSolution
		SolutionGuid = {BE7E91A5-34C5-46E5-AA52-E83F8A7FF76F}
	EndGlobalSection
EndGlobal
